
Microsoft Visual Studio Solution File, Format Version 11.00
# Visual Studio 2010
Project("{FAE04EC0-301F-11D3-BF4B-00C04F79EFBC}") = "Calculadora2", "Calculadora2\Calculadora2.csproj", "{27BBADD5-106A-4370-9839-FD2D9F99F092}"
EndProject
Global
	GlobalSection(SolutionConfigurationPlatforms) = preSolution
		Debug|x86 = Debug|x86
		Release|x86 = Release|x86
	EndGlobalSection
	GlobalSection(ProjectConfigurationPlatforms) = postSolution
		{27BBADD5-106A-4370-9839-FD2D9F99F092}.Debug|x86.ActiveCfg = Debug|x86
		{27BBADD5-106A-4370-9839-FD2D9F99F092}.Debug|x86.Build.0 = Debug|x86
		{27BBADD5-106A-4370-9839-FD2D9F99F092}.Release|x86.ActiveCfg = Release|x86
		{27BBADD5-106A-4370-9839-FD2D9F99F092}.Release|x86.Build.0 = Release|x86
	EndGlobalSection
	GlobalSection(SolutionProperties) = preSolution
		HideSolutionNode = FALSE
	EndGlobalSection
EndGlobal
